
Microsoft Visual Studio Solution File, Format Version 12.00
# Visual Studio Version 17
VisualStudioVersion = 17.14.36408.4 d17.14
MinimumVisualStudioVersion = 10.0.40219.1
Project("{FAE04EC0-301F-11D3-BF4B-00C04F79EFBC}") = "AuctionManagementSystem", "AuctionManagementSystem.csproj", "{4F7F3DA0-5F7A-4DBE-8019-54569E5A5705}"
EndProject
Global
	GlobalSection(SolutionConfigurationPlatforms) = preSolution
		Debug|Any CPU = Debug|Any CPU
		Release|Any CPU = Release|Any CPU
	EndGlobalSection
	GlobalSection(ProjectConfigurationPlatforms) = postSolution
		{4F7F3DA0-5F7A-4DBE-8019-54569E5A5705}.Debug|Any CPU.ActiveCfg = Debug|Any CPU
		{4F7F3DA0-5F7A-4DBE-8019-54569E5A5705}.Debug|Any CPU.Build.0 = Debug|Any CPU
		{4F7F3DA0-5F7A-4DBE-8019-54569E5A5705}.Release|Any CPU.ActiveCfg = Release|Any CPU
		{4F7F3DA0-5F7A-4DBE-8019-54569E5A5705}.Release|Any CPU.Build.0 = Release|Any CPU
	EndGlobalSection
	GlobalSection(SolutionProperties) = preSolution
		HideSolutionNode = FALSE
	EndGlobalSection
	GlobalSection(ExtensibilityGlobals) = postSolution
		SolutionGuid = {275D91AC-EFF5-4CB4-9788-21F16CD1A765}
	EndGlobalSection
EndGlobal
